
Microsoft Visual Studio Solution File, Format Version 12.00
# Visual Studio 15
VisualStudioVersion = 15.0.28307.489
MinimumVisualStudioVersion = 10.0.40219.1
Project("{9A19103F-16F7-4668-BE54-9A1E7A4F7556}") = "KafkaProducer", "KafkaProducer.csproj", "{106E4A70-C1C7-4A05-A487-FF4356DB39BE}"
EndProject
Global
	GlobalSection(SolutionConfigurationPlatforms) = preSolution
		Debug|Any CPU = Debug|Any CPU
		Release|Any CPU = Release|Any CPU
	EndGlobalSection
	GlobalSection(ProjectConfigurationPlatforms) = postSolution
		{106E4A70-C1C7-4A05-A487-FF4356DB39BE}.Debug|Any CPU.ActiveCfg = Debug|Any CPU
		{106E4A70-C1C7-4A05-A487-FF4356DB39BE}.Debug|Any CPU.Build.0 = Debug|Any CPU
		{106E4A70-C1C7-4A05-A487-FF4356DB39BE}.Release|Any CPU.ActiveCfg = Release|Any CPU
		{106E4A70-C1C7-4A05-A487-FF4356DB39BE}.Release|Any CPU.Build.0 = Release|Any CPU
	EndGlobalSection
	GlobalSection(SolutionProperties) = preSolution
		HideSolutionNode = FALSE
	EndGlobalSection
	GlobalSection(ExtensibilityGlobals) = postSolution
		SolutionGuid = {52AF030C-CBC3-44B2-A255-5B85106FFDEC}
	EndGlobalSection
EndGlobal
